Microsoft Visual Studio Solution File, Format Version 12.00
# Visual Studio Version 17
VisualStudioVersion = 17.12.35506.116 d17.12
MinimumVisualStudioVersion = 10.0.40219.1
Project("{FAE04EC0-301F-11D3-BF4B-00C04F79EFBC}") = "BackstageTheaterWeb.AppHost", "BackstageTheaterWeb.AppHost\BackstageTheaterWeb.AppHost.csproj", "{BE20A390-5429-4AB4-99D1-8AA3A3108149}"
EndProject
Project("{FAE04EC0-301F-11D3-BF4B-00C04F79EFBC}") = "BackstageTheaterWeb.ServiceDefaults", "BackstageTheaterWeb.ServiceDefaults\BackstageTheaterWeb.ServiceDefaults.csproj", "{7E5A8D17-F54E-4CF9-BB58-059D81BD462A}"
EndProject
Project("{FAE04EC0-301F-11D3-BF4B-00C04F79EFBC}") = "BackstageTheaterWeb.ApiService", "BackstageTheaterWeb.ApiService\BackstageTheaterWeb.ApiService.csproj", "{95D1FAF8-DF4F-4FEE-AEFF-400FD30A485C}"
EndProject
Project("{FAE04EC0-301F-11D3-BF4B-00C04F79EFBC}") = "BackstageTheaterWeb.Web", "BackstageTheaterWeb.Web\BackstageTheaterWeb.Web.csproj", "{760CFE96-176C-4F80-90A7-374C055DDED7}"
EndProject
Project("{FAE04EC0-301F-11D3-BF4B-00C04F79EFBC}") = "BackstageTheaterWeb.Tests", "BackstageTheaterWeb.Tests\BackstageTheaterWeb.Tests.csproj", "{66C87513-ACF8-42A0-AD39-DBD51E68AE98}"
EndProject
Global
	GlobalSection(SolutionConfigurationPlatforms) = preSolution
		Debug|Any CPU = Debug|Any CPU
		Release|Any CPU = Release|Any CPU
	EndGlobalSection
	GlobalSection(ProjectConfigurationPlatforms) = postSolution
		{BE20A390-5429-4AB4-99D1-8AA3A3108149}.Debug|Any CPU.ActiveCfg = Debug|Any CPU
		{BE20A390-5429-4AB4-99D1-8AA3A3108149}.Debug|Any CPU.Build.0 = Debug|Any CPU
		{BE20A390-5429-4AB4-99D1-8AA3A3108149}.Release|Any CPU.ActiveCfg = Release|Any CPU
		{BE20A390-5429-4AB4-99D1-8AA3A3108149}.Release|Any CPU.Build.0 = Release|Any CPU
		{7E5A8D17-F54E-4CF9-BB58-059D81BD462A}.Debug|Any CPU.ActiveCfg = Debug|Any CPU
		{7E5A8D17-F54E-4CF9-BB58-059D81BD462A}.Debug|Any CPU.Build.0 = Debug|Any CPU
		{7E5A8D17-F54E-4CF9-BB58-059D81BD462A}.Release|Any CPU.ActiveCfg = Release|Any CPU
		{7E5A8D17-F54E-4CF9-BB58-059D81BD462A}.Release|Any CPU.Build.0 = Release|Any CPU
		{95D1FAF8-DF4F-4FEE-AEFF-400FD30A485C}.Debug|Any CPU.ActiveCfg = Debug|Any CPU
		{95D1FAF8-DF4F-4FEE-AEFF-400FD30A485C}.Debug|Any CPU.Build.0 = Debug|Any CPU
		{95D1FAF8-DF4F-4FEE-AEFF-400FD30A485C}.Release|Any CPU.ActiveCfg = Release|Any CPU
		{95D1FAF8-DF4F-4FEE-AEFF-400FD30A485C}.Release|Any CPU.Build.0 = Release|Any CPU
		{760CFE96-176C-4F80-90A7-374C055DDED7}.Debug|Any CPU.ActiveCfg = Debug|Any CPU
		{760CFE96-176C-4F80-90A7-374C055DDED7}.Debug|Any CPU.Build.0 = Debug|Any CPU
		{760CFE96-176C-4F80-90A7-374C055DDED7}.Release|Any CPU.ActiveCfg = Release|Any CPU
		{760CFE96-176C-4F80-90A7-374C055DDED7}.Release|Any CPU.Build.0 = Release|Any CPU
		{66C87513-ACF8-42A0-AD39-DBD51E68AE98}.Debug|Any CPU.ActiveCfg = Debug|Any CPU
		{66C87513-ACF8-42A0-AD39-DBD51E68AE98}.Debug|Any CPU.Build.0 = Debug|Any CPU
		{66C87513-ACF8-42A0-AD39-DBD51E68AE98}.Release|Any CPU.ActiveCfg = Release|Any CPU
		{66C87513-ACF8-42A0-AD39-DBD51E68AE98}.Release|Any CPU.Build.0 = Release|Any CPU
	EndGlobalSection
	GlobalSection(SolutionProperties) = preSolution
		HideSolutionNode = FALSE
	EndGlobalSection
EndGlobal
